
Microsoft Visual Studio Solution File, Format Version 12.00
# Visual Studio Version 16
VisualStudioVersion = 16.0.29728.190
MinimumVisualStudioVersion = 10.0.40219.1
Project("{FAE04EC0-301F-11D3-BF4B-00C04F79EFBC}") = "AppNumeros", "AppNumeros\AppNumeros.csproj", "{F83A6FC2-749E-4181-97A9-8F2781E49554}"
EndProject
Global
	GlobalSection(SolutionConfigurationPlatforms) = preSolution
		Debug|Any CPU = Debug|Any CPU
		Release|Any CPU = Release|Any CPU
	EndGlobalSection
	GlobalSection(ProjectConfigurationPlatforms) = postSolution
		{F83A6FC2-749E-4181-97A9-8F2781E49554}.Debug|Any CPU.ActiveCfg = Debug|Any CPU
		{F83A6FC2-749E-4181-97A9-8F2781E49554}.Debug|Any CPU.Build.0 = Debug|Any CPU
		{F83A6FC2-749E-4181-97A9-8F2781E49554}.Release|Any CPU.ActiveCfg = Release|Any CPU
		{F83A6FC2-749E-4181-97A9-8F2781E49554}.Release|Any CPU.Build.0 = Release|Any CPU
	EndGlobalSection
	GlobalSection(SolutionProperties) = preSolution
		HideSolutionNode = FALSE
	EndGlobalSection
	GlobalSection(ExtensibilityGlobals) = postSolution
		SolutionGuid = {276E92FD-B172-40AA-85EF-F94482F563A8}
	EndGlobalSection
EndGlobal
